// !$*UTF8*$!
{
	archiveVersion = 1;
	classes = {
	};
	objectVersion = 46;
	objects = {

/* Begin PBXBuildFile section */
		5981213014F583EF003A7E9F /* UIKit.framework in Frameworks */ = {isa = PBXBuildFile; fileRef = 5981212F14F583EF003A7E9F /* UIKit.framework */; };
		5981213214F583EF003A7E9F /* Foundation.framework in Frameworks */ = {isa = PBXBuildFile; fileRef = 5981213114F583EF003A7E9F /* Foundation.framework */; };
		5981213414F583EF003A7E9F /* CoreGraphics.framework in Frameworks */ = {isa = PBXBuildFile; fileRef = 5981213314F583EF003A7E9F /* CoreGraphics.framework */; };
		5981213A14F583EF003A7E9F /* InfoPlist.strings in Resources */ = {isa = PBXBuildFile; fileRef = 5981213814F583EF003A7E9F /* InfoPlist.strings */; };
		5981213C14F583EF003A7E9F /* main.m in Sources */ = {isa = PBXBuildFile; fileRef = 5981213B14F583EF003A7E9F /* main.m */; settings = {COMPILER_FLAGS = "-fno-objc-arc"; }; };
		5981214014F583EF003A7E9F /* HVAppDelegate.m in Sources */ = {isa = PBXBuildFile; fileRef = 5981213F14F583EF003A7E9F /* HVAppDelegate.m */; settings = {COMPILER_FLAGS = "-fno-objc-arc"; }; };
		5981216014F613A2003A7E9F /* MainWindow.xib in Resources */ = {isa = PBXBuildFile; fileRef = 5981215F14F613A2003A7E9F /* MainWindow.xib */; };
		5981216414F6196F003A7E9F /* HVMainViewController.m in Sources */ = {isa = PBXBuildFile; fileRef = 5981216314F6196F003A7E9F /* HVMainViewController.m */; };
		5981216B14F694A6003A7E9F /* HVNPwithDoneExampleViewController.m in Sources */ = {isa = PBXBuildFile; fileRef = 5981216914F694A6003A7E9F /* HVNPwithDoneExampleViewController.m */; };
		5981216C14F694A6003A7E9F /* HVNPwithDoneExampleViewController.xib in Resources */ = {isa = PBXBuildFile; fileRef = 5981216A14F694A6003A7E9F /* HVNPwithDoneExampleViewController.xib */; };
		59D6E35314FD637B003EC963 /* HVNumberPadWithDoneButton.m in Sources */ = {isa = PBXBuildFile; fileRef = 59D6E35014FD637A003EC963 /* HVNumberPadWithDoneButton.m */; };
		59D6E35414FD637B003EC963 /* HVNumberPadWithDoneDelegate.m in Sources */ = {isa = PBXBuildFile; fileRef = 59D6E35214FD637B003EC963 /* HVNumberPadWithDoneDelegate.m */; };
/* End PBXBuildFile section */

/* Begin PBXFileReference section */
		5981212B14F583EF003A7E9F /* Components.app */ = {isa = PBXFileReference; explicitFileType = wrapper.application; includeInIndex = 0; path = Components.app; sourceTree = BUILT_PRODUCTS_DIR; };
		5981212F14F583EF003A7E9F /* UIKit.framework */ = {isa = PBXFileReference; lastKnownFileType = wrapper.framework; name = UIKit.framework; path = System/Library/Frameworks/UIKit.framework; sourceTree = SDKROOT; };
		5981213114F583EF003A7E9F /* Foundation.framework */ = {isa = PBXFileReference; lastKnownFileType = wrapper.framework; name = Foundation.framework; path = System/Library/Frameworks/Foundation.framework; sourceTree = SDKROOT; };
		5981213314F583EF003A7E9F /* CoreGraphics.framework */ = {isa = PBXFileReference; lastKnownFileType = wrapper.framework; name = CoreGraphics.framework; path = System/Library/Frameworks/CoreGraphics.framework; sourceTree = SDKROOT; };
		5981213714F583EF003A7E9F /* Components-Info.plist */ = {isa = PBXFileReference; lastKnownFileType = text.plist.xml; path = "Components-Info.plist"; sourceTree = "<group>"; };
		5981213914F583EF003A7E9F /* en */ = {isa = PBXFileReference; lastKnownFileType = text.plist.strings; name = en; path = en.lproj/InfoPlist.strings; sourceTree = "<group>"; };
		5981213B14F583EF003A7E9F /* main.m */ = {isa = PBXFileReference; lastKnownFileType = sourcecode.c.objc; path = main.m; sourceTree = "<group>"; };
		5981213D14F583EF003A7E9F /* Components-Prefix.pch */ = {isa = PBXFileReference; lastKnownFileType = sourcecode.c.h; path = "Components-Prefix.pch"; sourceTree = "<group>"; };
		5981213E14F583EF003A7E9F /* HVAppDelegate.h */ = {isa = PBXFileReference; lastKnownFileType = sourcecode.c.h; name = HVAppDelegate.h; path = ../HVAppDelegate.h; sourceTree = "<group>"; };
		5981213F14F583EF003A7E9F /* HVAppDelegate.m */ = {isa = PBXFileReference; lastKnownFileType = sourcecode.c.objc; name = HVAppDelegate.m; path = ../HVAppDelegate.m; sourceTree = "<group>"; };
		5981215F14F613A2003A7E9F /* MainWindow.xib */ = {isa = PBXFileReference; fileEncoding = 4; lastKnownFileType = file.xib; name = MainWindow.xib; path = UI/MainWindow.xib; sourceTree = "<group>"; };
		5981216214F6196F003A7E9F /* HVMainViewController.h */ = {isa = PBXFileReference; fileEncoding = 4; lastKnownFileType = sourcecode.c.h; name = HVMainViewController.h; path = Main/HVMainViewController.h; sourceTree = "<group>"; };
		5981216314F6196F003A7E9F /* HVMainViewController.m */ = {isa = PBXFileReference; fileEncoding = 4; lastKnownFileType = sourcecode.c.objc; name = HVMainViewController.m; path = Main/HVMainViewController.m; sourceTree = "<group>"; };
		5981216814F694A6003A7E9F /* HVNPwithDoneExampleViewController.h */ = {isa = PBXFileReference; fileEncoding = 4; lastKnownFileType = sourcecode.c.h; name = HVNPwithDoneExampleViewController.h; path = Components/HVNumberPadWithDone/HVNPwithDoneExampleViewController.h; sourceTree = SOURCE_ROOT; };
		5981216914F694A6003A7E9F /* HVNPwithDoneExampleViewController.m */ = {isa = PBXFileReference; fileEncoding = 4; lastKnownFileType = sourcecode.c.objc; name = HVNPwithDoneExampleViewController.m; path = Components/HVNumberPadWithDone/HVNPwithDoneExampleViewController.m; sourceTree = SOURCE_ROOT; };
		5981216A14F694A6003A7E9F /* HVNPwithDoneExampleViewController.xib */ = {isa = PBXFileReference; fileEncoding = 4; lastKnownFileType = file.xib; name = HVNPwithDoneExampleViewController.xib; path = Components/HVNumberPadWithDone/HVNPwithDoneExampleViewController.xib; sourceTree = SOURCE_ROOT; };
		59D6E34F14FD637A003EC963 /* HVNumberPadWithDoneButton.h */ = {isa = PBXFileReference; fileEncoding = 4; lastKnownFileType = sourcecode.c.h; name = HVNumberPadWithDoneButton.h; path = Components/HVNumberPadWithDone/HVNumberPadWithDoneButton.h; sourceTree = SOURCE_ROOT; };
		59D6E35014FD637A003EC963 /* HVNumberPadWithDoneButton.m */ = {isa = PBXFileReference; fileEncoding = 4; lastKnownFileType = sourcecode.c.objc; name = HVNumberPadWithDoneButton.m; path = Components/HVNumberPadWithDone/HVNumberPadWithDoneButton.m; sourceTree = SOURCE_ROOT; };
		59D6E35114FD637A003EC963 /* HVNumberPadWithDoneDelegate.h */ = {isa = PBXFileReference; fileEncoding = 4; lastKnownFileType = sourcecode.c.h; name = HVNumberPadWithDoneDelegate.h; path = Components/HVNumberPadWithDone/HVNumberPadWithDoneDelegate.h; sourceTree = SOURCE_ROOT; };
		59D6E35214FD637B003EC963 /* HVNumberPadWithDoneDelegate.m */ = {isa = PBXFileReference; fileEncoding = 4; lastKnownFileType = sourcecode.c.objc; name = HVNumberPadWithDoneDelegate.m; path = Components/HVNumberPadWithDone/HVNumberPadWithDoneDelegate.m; sourceTree = SOURCE_ROOT; };
/* End PBXFileReference section */

/* Begin PBXFrameworksBuildPhase section */
		5981212814F583EF003A7E9F /* Frameworks */ = {
			isa = PBXFrameworksBuildPhase;
			buildActionMask = 2147483647;
			files = (
				5981213014F583EF003A7E9F /* UIKit.framework in Frameworks */,
				5981213214F583EF003A7E9F /* Foundation.framework in Frameworks */,
				5981213414F583EF003A7E9F /* CoreGraphics.framework in Frameworks */,
			);
			runOnlyForDeploymentPostprocessing = 0;
		};
/* End PBXFrameworksBuildPhase section */

/* Begin PBXGroup section */
		5981212014F583EE003A7E9F = {
			isa = PBXGroup;
			children = (
				5981213514F583EF003A7E9F /* Components */,
				5981212E14F583EF003A7E9F /* Frameworks */,
				5981212C14F583EF003A7E9F /* Products */,
			);
			sourceTree = "<group>";
		};
		5981212C14F583EF003A7E9F /* Products */ = {
			isa = PBXGroup;
			children = (
				5981212B14F583EF003A7E9F /* Components.app */,
			);
			name = Products;
			sourceTree = "<group>";
		};
		5981212E14F583EF003A7E9F /* Frameworks */ = {
			isa = PBXGroup;
			children = (
				5981212F14F583EF003A7E9F /* UIKit.framework */,
				5981213114F583EF003A7E9F /* Foundation.framework */,
				5981213314F583EF003A7E9F /* CoreGraphics.framework */,
			);
			name = Frameworks;
			sourceTree = "<group>";
		};
		5981213514F583EF003A7E9F /* Components */ = {
			isa = PBXGroup;
			children = (
				5981215E14F6134F003A7E9F /* UI */,
				5981215414F593F0003A7E9F /* Resources */,
				5981214C14F593DF003A7E9F /* Classes */,
				5981213614F583EF003A7E9F /* Supporting Files */,
			);
			path = Components;
			sourceTree = "<group>";
		};
		5981213614F583EF003A7E9F /* Supporting Files */ = {
			isa = PBXGroup;
			children = (
				5981213714F583EF003A7E9F /* Components-Info.plist */,
				5981213814F583EF003A7E9F /* InfoPlist.strings */,
				5981213B14F583EF003A7E9F /* main.m */,
				5981213D14F583EF003A7E9F /* Components-Prefix.pch */,
			);
			name = "Supporting Files";
			sourceTree = "<group>";
		};
		5981214C14F593DF003A7E9F /* Classes */ = {
			isa = PBXGroup;
			children = (
				5981216114F61407003A7E9F /* Main */,
				5981214D14F593DF003A7E9F /* HVNumberPadWithDone */,
			);
			path = Classes;
			sourceTree = "<group>";
		};
		5981214D14F593DF003A7E9F /* HVNumberPadWithDone */ = {
			isa = PBXGroup;
			children = (
				59D6E34F14FD637A003EC963 /* HVNumberPadWithDoneButton.h */,
				59D6E35014FD637A003EC963 /* HVNumberPadWithDoneButton.m */,
				59D6E35114FD637A003EC963 /* HVNumberPadWithDoneDelegate.h */,
				59D6E35214FD637B003EC963 /* HVNumberPadWithDoneDelegate.m */,
				5981216814F694A6003A7E9F /* HVNPwithDoneExampleViewController.h */,
				5981216914F694A6003A7E9F /* HVNPwithDoneExampleViewController.m */,
			);
			path = HVNumberPadWithDone;
			sourceTree = "<group>";
		};
		5981215414F593F0003A7E9F /* Resources */ = {
			isa = PBXGroup;
			children = (
			);
			path = Resources;
			sourceTree = "<group>";
		};
		5981215E14F6134F003A7E9F /* UI */ = {
			isa = PBXGroup;
			children = (
				5981216514F693EB003A7E9F /* HVNumberPadWithDone */,
				5981215F14F613A2003A7E9F /* MainWindow.xib */,
			);
			name = UI;
			sourceTree = "<group>";
		};
		5981216114F61407003A7E9F /* Main */ = {
			isa = PBXGroup;
			children = (
				5981213E14F583EF003A7E9F /* HVAppDelegate.h */,
				5981213F14F583EF003A7E9F /* HVAppDelegate.m */,
				5981216214F6196F003A7E9F /* HVMainViewController.h */,
				5981216314F6196F003A7E9F /* HVMainViewController.m */,
			);
			name = Main;
			sourceTree = "<group>";
		};
		5981216514F693EB003A7E9F /* HVNumberPadWithDone */ = {
			isa = PBXGroup;
			children = (
				5981216A14F694A6003A7E9F /* HVNPwithDoneExampleViewController.xib */,
			);
			name = HVNumberPadWithDone;
			sourceTree = "<group>";
		};
/* End PBXGroup section */

/* Begin PBXNativeTarget section */
		5981212A14F583EF003A7E9F /* Components */ = {
			isa = PBXNativeTarget;
			buildConfigurationList = 5981214314F583EF003A7E9F /* Build configuration list for PBXNativeTarget "Components" */;
			buildPhases = (
				5981212714F583EF003A7E9F /* Sources */,
				5981212814F583EF003A7E9F /* Frameworks */,
				5981212914F583EF003A7E9F /* Resources */,
			);
			buildRules = (
			);
			dependencies = (
			);
			name = Components;
			productName = Components;
			productReference = 5981212B14F583EF003A7E9F /* Components.app */;
			productType = "com.apple.product-type.application";
		};
/* End PBXNativeTarget section */

/* Begin PBXProject section */
		5981212214F583EE003A7E9F /* Project object */ = {
			isa = PBXProject;
			attributes = {
				CLASSPREFIX = HV;
				LastUpgradeCheck = 0430;
			};
			buildConfigurationList = 5981212514F583EE003A7E9F /* Build configuration list for PBXProject "Components" */;
			compatibilityVersion = "Xcode 3.2";
			developmentRegion = English;
			hasScannedForEncodings = 0;
			knownRegions = (
				en,
			);
			mainGroup = 5981212014F583EE003A7E9F;
			productRefGroup = 5981212C14F583EF003A7E9F /* Products */;
			projectDirPath = "";
			projectRoot = "";
			targets = (
				5981212A14F583EF003A7E9F /* Components */,
			);
		};
/* End PBXProject section */

/* Begin PBXResourcesBuildPhase section */
		5981212914F583EF003A7E9F /* Resources */ = {
			isa = PBXResourcesBuildPhase;
			buildActionMask = 2147483647;
			files = (
				5981213A14F583EF003A7E9F /* InfoPlist.strings in Resources */,
				5981216014F613A2003A7E9F /* MainWindow.xib in Resources */,
				5981216C14F694A6003A7E9F /* HVNPwithDoneExampleViewController.xib in Resources */,
			);
			runOnlyForDeploymentPostprocessing = 0;
		};
/* End PBXResourcesBuildPhase section */

/* Begin PBXSourcesBuildPhase section */
		5981212714F583EF003A7E9F /* Sources */ = {
			isa = PBXSourcesBuildPhase;
			buildActionMask = 2147483647;
			files = (
				5981213C14F583EF003A7E9F /* main.m in Sources */,
				5981214014F583EF003A7E9F /* HVAppDelegate.m in Sources */,
				5981216414F6196F003A7E9F /* HVMainViewController.m in Sources */,
				5981216B14F694A6003A7E9F /* HVNPwithDoneExampleViewController.m in Sources */,
				59D6E35314FD637B003EC963 /* HVNumberPadWithDoneButton.m in Sources */,
				59D6E35414FD637B003EC963 /* HVNumberPadWithDoneDelegate.m in Sources */,
			);
			runOnlyForDeploymentPostprocessing = 0;
		};
/* End PBXSourcesBuildPhase section */

/* Begin PBXVariantGroup section */
		5981213814F583EF003A7E9F /* InfoPlist.strings */ = {
			isa = PBXVariantGroup;
			children = (
				5981213914F583EF003A7E9F /* en */,
			);
			name = InfoPlist.strings;
			sourceTree = "<group>";
		};
/* End PBXVariantGroup section */

/* Begin XCBuildConfiguration section */
		5981214114F583EF003A7E9F /* Debug */ = {
			isa = XCBuildConfiguration;
			buildSettings = {
				ALWAYS_SEARCH_USER_PATHS = NO;
				ARCHS = "$(ARCHS_STANDARD_32_BIT)";
				CLANG_ENABLE_OBJC_ARC = YES;
				"CODE_SIGN_IDENTITY[sdk=iphoneos*]" = "iPhone Developer";
				COPY_PHASE_STRIP = NO;
				GCC_C_LANGUAGE_STANDARD = gnu99;
				GCC_DYNAMIC_NO_PIC = NO;
				GCC_OPTIMIZATION_LEVEL = 0;
				GCC_PREPROCESSOR_DEFINITIONS = (
					"DEBUG=1",
					"$(inherited)",
				);
				GCC_SYMBOLS_PRIVATE_EXTERN = NO;
				GCC_VERSION = com.apple.compilers.llvm.clang.1_0;
				GCC_WARN_ABOUT_RETURN_TYPE = YES;
				GCC_WARN_UNINITIALIZED_AUTOS = YES;
				GCC_WARN_UNUSED_VARIABLE = YES;
				IPHONEOS_DEPLOYMENT_TARGET = 4.3;
				SDKROOT = iphoneos;
			};
			name = Debug;
		};
		5981214214F583EF003A7E9F /* Release */ = {
			isa = XCBuildConfiguration;
			buildSettings = {
				ALWAYS_SEARCH_USER_PATHS = NO;
				ARCHS = "$(ARCHS_STANDARD_32_BIT)";
				CLANG_ENABLE_OBJC_ARC = YES;
				"CODE_SIGN_IDENTITY[sdk=iphoneos*]" = "iPhone Developer";
				COPY_PHASE_STRIP = YES;
				GCC_C_LANGUAGE_STANDARD = gnu99;
				GCC_VERSION = com.apple.compilers.llvm.clang.1_0;
				GCC_WARN_ABOUT_RETURN_TYPE = YES;
				GCC_WARN_UNINITIALIZED_AUTOS = YES;
				GCC_WARN_UNUSED_VARIABLE = YES;
				IPHONEOS_DEPLOYMENT_TARGET = 4.3;
				OTHER_CFLAGS = "-DNS_BLOCK_ASSERTIONS=1";
				SDKROOT = iphoneos;
				VALIDATE_PRODUCT = YES;
			};
			name = Release;
		};
		5981214414F583EF003A7E9F /* Debug */ = {
			isa = XCBuildConfiguration;
			buildSettings = {
				GCC_PRECOMPILE_PREFIX_HEADER = YES;
				GCC_PREFIX_HEADER = "Components/Components-Prefix.pch";
				INFOPLIST_FILE = "Components/Components-Info.plist";
				IPHONEOS_DEPLOYMENT_TARGET = 4.3;
				PRODUCT_NAME = "$(TARGET_NAME)";
				WRAPPER_EXTENSION = app;
			};
			name = Debug;
		};
		5981214514F583EF003A7E9F /* Release */ = {
			isa = XCBuildConfiguration;
			buildSettings = {
				GCC_PRECOMPILE_PREFIX_HEADER = YES;
				GCC_PREFIX_HEADER = "Components/Components-Prefix.pch";
				INFOPLIST_FILE = "Components/Components-Info.plist";
				IPHONEOS_DEPLOYMENT_TARGET = 4.3;
				PRODUCT_NAME = "$(TARGET_NAME)";
				WRAPPER_EXTENSION = app;
			};
			name = Release;
		};
/* End XCBuildConfiguration section */

/* Begin XCConfigurationList section */
		5981212514F583EE003A7E9F /* Build configuration list for PBXProject "Components" */ = {
			isa = XCConfigurationList;
			buildConfigurations = (
				5981214114F583EF003A7E9F /* Debug */,
				5981214214F583EF003A7E9F /* Release */,
			);
			defaultConfigurationIsVisible = 0;
			defaultConfigurationName = Release;
		};
		5981214314F583EF003A7E9F /* Build configuration list for PBXNativeTarget "Components" */ = {
			isa = XCConfigurationList;
			buildConfigurations = (
				5981214414F583EF003A7E9F /* Debug */,
				5981214514F583EF003A7E9F /* Release */,
			);
			defaultConfigurationIsVisible = 0;
			defaultConfigurationName = Release;
		};
/* End XCConfigurationList section */
	};
	rootObject = 5981212214F583EE003A7E9F /* Project object */;
}
